
Microsoft Visual Studio Solution File, Format Version 11.00
# Visual Studio 2010
Project("{FAE04EC0-301F-11D3-BF4B-00C04F79EFBC}") = "Assembly-CSharp", "Assembly-CSharp.csproj", "{DDAB24FC-C364-25CD-AA0B-3C7FC74ECB2A}"
EndProject
Project("{FAE04EC0-301F-11D3-BF4B-00C04F79EFBC}") = "Assembly-CSharp-firstpass", "Assembly-CSharp-firstpass.csproj", "{86DD96E9-ED61-3E91-C918-8C747F0762AB}"
EndProject
Project("{FAE04EC0-301F-11D3-BF4B-00C04F79EFBC}") = "Assembly-CSharp-Editor-firstpass", "Assembly-CSharp-Editor-firstpass.csproj", "{5443D77D-8D99-E0CF-18BB-85448814C284}"
EndProject
Project("{FAE04EC0-301F-11D3-BF4B-00C04F79EFBC}") = "Assembly-CSharp-Editor", "Assembly-CSharp-Editor.csproj", "{A9FDDDEF-59C0-391C-C55D-4C653D979228}"
EndProject
Global
	GlobalSection(SolutionConfigurationPlatforms) = preSolution
		Debug|Any CPU = Debug|Any CPU
		Release|Any CPU = Release|Any CPU
	EndGlobalSection
	GlobalSection(ProjectConfigurationPlatforms) = postSolution
		{DDAB24FC-C364-25CD-AA0B-3C7FC74ECB2A}.Debug|Any CPU.ActiveCfg = Debug|Any CPU
		{DDAB24FC-C364-25CD-AA0B-3C7FC74ECB2A}.Debug|Any CPU.Build.0 = Debug|Any CPU
		{DDAB24FC-C364-25CD-AA0B-3C7FC74ECB2A}.Release|Any CPU.ActiveCfg = Release|Any CPU
		{DDAB24FC-C364-25CD-AA0B-3C7FC74ECB2A}.Release|Any CPU.Build.0 = Release|Any CPU
		{86DD96E9-ED61-3E91-C918-8C747F0762AB}.Debug|Any CPU.ActiveCfg = Debug|Any CPU
		{86DD96E9-ED61-3E91-C918-8C747F0762AB}.Debug|Any CPU.Build.0 = Debug|Any CPU
		{86DD96E9-ED61-3E91-C918-8C747F0762AB}.Release|Any CPU.ActiveCfg = Release|Any CPU
		{86DD96E9-ED61-3E91-C918-8C747F0762AB}.Release|Any CPU.Build.0 = Release|Any CPU
		{5443D77D-8D99-E0CF-18BB-85448814C284}.Debug|Any CPU.ActiveCfg = Debug|Any CPU
		{5443D77D-8D99-E0CF-18BB-85448814C284}.Debug|Any CPU.Build.0 = Debug|Any CPU
		{5443D77D-8D99-E0CF-18BB-85448814C284}.Release|Any CPU.ActiveCfg = Release|Any CPU
		{5443D77D-8D99-E0CF-18BB-85448814C284}.Release|Any CPU.Build.0 = Release|Any CPU
		{A9FDDDEF-59C0-391C-C55D-4C653D979228}.Debug|Any CPU.ActiveCfg = Debug|Any CPU
		{A9FDDDEF-59C0-391C-C55D-4C653D979228}.Debug|Any CPU.Build.0 = Debug|Any CPU
		{A9FDDDEF-59C0-391C-C55D-4C653D979228}.Release|Any CPU.ActiveCfg = Release|Any CPU
		{A9FDDDEF-59C0-391C-C55D-4C653D979228}.Release|Any CPU.Build.0 = Release|Any CPU
	EndGlobalSection
	GlobalSection(SolutionProperties) = preSolution
		HideSolutionNode = FALSE
	EndGlobalSection
	GlobalSection(MonoDevelopProperties) = preSolution
		StartupItem = Assembly-CSharp.csproj
	EndGlobalSection
EndGlobal
